<?xml version="1.0" encoding="utf-8"?>
<Project ToolsVersion="4.0" xmlns="http://schemas.microsoft.com/developer/msbuild/2003">
  <ItemGroup>
    <Filter Include="Game">
      <UniqueIdentifier>{5bdc2cd9-033f-4ee5-81f8-15584a71587f}</UniqueIdentifier>
    </Filter>
    <Filter Include="System">
      <UniqueIdentifier>{570d44fd-cfde-41c5-9b61-372e78fae30e}</UniqueIdentifier>
    </Filter>
    <Filter Include="Utility">
      <UniqueIdentifier>{06d07d56-3469-4520-b5cd-d3f33b91c096}</UniqueIdentifier>
    </Filter>
    <Filter Include="Game\Menu">
      <UniqueIdentifier>{bc89226b-6511-49dd-89e0-13b0fb630fce}</UniqueIdentifier>
    </Filter>
    <Filter Include="Game\Result">
      <UniqueIdentifier>{5d858dc5-72e8-4e39-bcd7-70d682786352}</UniqueIdentifier>
    </Filter>
    <Filter Include="Game\Play">
      <UniqueIdentifier>{096f697f-cb35-4866-b143-49c8f6f273b1}</UniqueIdentifier>
    </Filter>
    <Filter Include="Game\Start">
      <UniqueIdentifier>{c3db770f-d7fd-43e5-8fb5-ee683214cc0f}</UniqueIdentifier>
    </Filter>
    <Filter Include="Utility\Collision">
      <UniqueIdentifier>{c8b537a9-cf08-44db-a6ad-55680206affd}</UniqueIdentifier>
    </Filter>
    <Filter Include="Utility\IO">
      <UniqueIdentifier>{b84f53ef-b59f-4cb2-9824-bba265ebe2e8}</UniqueIdentifier>
    </Filter>
    <Filter Include="Utility\Time">
      <UniqueIdentifier>{c1d2d5df-977f-41d7-966e-d4a9e97a0108}</UniqueIdentifier>
    </Filter>
  </ItemGroup>
  <ItemGroup>
    <ClCompile Include="Program.cpp">
      <Filter>System</Filter>
    </ClCompile>
    <ClCompile Include="Menu.cpp">
      <Filter>Game\Menu</Filter>
    </ClCompile>
    <ClCompile Include="Start.cpp">
      <Filter>Game\Start</Filter>
    </ClCompile>
    <ClCompile Include="Play.cpp">
      <Filter>Game\Play</Filter>
    </ClCompile>
    <ClCompile Include="Result.cpp">
      <Filter>Game\Result</Filter>
    </ClCompile>
    <ClCompile Include="Collision.cpp">
      <Filter>Utility\Collision</Filter>
    </ClCompile>
    <ClCompile Include="IO.cpp">
      <Filter>Utility\IO</Filter>
    </ClCompile>
    <ClCompile Include="TimeSync.cpp">
      <Filter>Utility\Time</Filter>
    </ClCompile>
  </ItemGroup>
  <ItemGroup>
    <ClInclude Include="Initialize.h">
      <Filter>System</Filter>
    </ClInclude>
    <ClInclude Include="Menu.h">
      <Filter>Game\Menu</Filter>
    </ClInclude>
    <ClInclude Include="Start.h">
      <Filter>Game\Start</Filter>
    </ClInclude>
    <ClInclude Include="Play.h">
      <Filter>Game\Play</Filter>
    </ClInclude>
    <ClInclude Include="Result.h">
      <Filter>Game\Result</Filter>
    </ClInclude>
    <ClInclude Include="Collision.h">
      <Filter>Utility\Collision</Filter>
    </ClInclude>
    <ClInclude Include="IO.h">
      <Filter>Utility\IO</Filter>
    </ClInclude>
    <ClInclude Include="TimeSync.h">
      <Filter>Utility\Time</Filter>
    </ClInclude>
  </ItemGroup>
</Project>